
Microsoft Visual Studio Solution File, Format Version 12.00
Project("{FAE04EC0-301F-11D3-BF4B-00C04F79EFBC}") = "MangaPacker", "MangaPacker\MangaPacker.csproj", "{8BD95EFB-DC8B-4F85-8A27-3A25FD95FD20}"
EndProject
Project("{FAE04EC0-301F-11D3-BF4B-00C04F79EFBC}") = "MangaParser.Tests", "MangaParser.Tests\MangaParser.Tests.csproj", "{C135918D-CDC5-449E-932C-8E5301E587C2}"
EndProject
Global
	GlobalSection(SolutionConfigurationPlatforms) = preSolution
		Debug|Any CPU = Debug|Any CPU
		Release|Any CPU = Release|Any CPU
	EndGlobalSection
	GlobalSection(ProjectConfigurationPlatforms) = postSolution
		{8BD95EFB-DC8B-4F85-8A27-3A25FD95FD20}.Debug|Any CPU.ActiveCfg = Debug|Any CPU
		{8BD95EFB-DC8B-4F85-8A27-3A25FD95FD20}.Debug|Any CPU.Build.0 = Debug|Any CPU
		{8BD95EFB-DC8B-4F85-8A27-3A25FD95FD20}.Release|Any CPU.ActiveCfg = Release|Any CPU
		{8BD95EFB-DC8B-4F85-8A27-3A25FD95FD20}.Release|Any CPU.Build.0 = Release|Any CPU
		{C135918D-CDC5-449E-932C-8E5301E587C2}.Debug|Any CPU.ActiveCfg = Debug|Any CPU
		{C135918D-CDC5-449E-932C-8E5301E587C2}.Debug|Any CPU.Build.0 = Debug|Any CPU
		{C135918D-CDC5-449E-932C-8E5301E587C2}.Release|Any CPU.ActiveCfg = Release|Any CPU
		{C135918D-CDC5-449E-932C-8E5301E587C2}.Release|Any CPU.Build.0 = Release|Any CPU
	EndGlobalSection
EndGlobal
